// !$*UTF8*$!
{
	archiveVersion = 1;
	classes = {
	};
	objectVersion = 51;
	objects = {

/* Begin PBXBuildFile section */
		C5AA26922678B7B300F89D25 /* AppDelegate.swift in Sources */ = {isa = PBXBuildFile; fileRef = C5AA26912678B7B300F89D25 /* AppDelegate.swift */; };
		C5AA26942678B7B300F89D25 /* SceneDelegate.swift in Sources */ = {isa = PBXBuildFile; fileRef = C5AA26932678B7B300F89D25 /* SceneDelegate.swift */; };
		C5AA26962678B7B300F89D25 /* ViewController.swift in Sources */ = {isa = PBXBuildFile; fileRef = C5AA26952678B7B300F89D25 /* ViewController.swift */; };
		C5AA26992678B7B300F89D25 /* Main.storyboard in Resources */ = {isa = PBXBuildFile; fileRef = C5AA26972678B7B300F89D25 /* Main.storyboard */; };
		C5AA269B2678B7B400F89D25 /* Assets.xcassets in Resources */ = {isa = PBXBuildFile; fileRef = C5AA269A2678B7B400F89D25 /* Assets.xcassets */; };
		C5AA269E2678B7B400F89D25 /* LaunchScreen.storyboard in Resources */ = {isa = PBXBuildFile; fileRef = C5AA269C2678B7B400F89D25 /* LaunchScreen.storyboard */; };
		C5AA26AF2678BB3400F89D25 /* SampleAppTests.swift in Sources */ = {isa = PBXBuildFile; fileRef = C5AA26AE2678BB3400F89D25 /* SampleAppTests.swift */; };
		C5AA26C02678CAC400F89D25 /* Student.swift in Sources */ = {isa = PBXBuildFile; fileRef = C5AA26BF2678CAC400F89D25 /* Student.swift */; };
		C5AA26C12678CAC400F89D25 /* Student.swift in Sources */ = {isa = PBXBuildFile; fileRef = C5AA26BF2678CAC400F89D25 /* Student.swift */; };
		C5AA26C72678CD5600F89D25 /* StudentTests.swift in Sources */ = {isa = PBXBuildFile; fileRef = C5AA26C62678CD5600F89D25 /* StudentTests.swift */; };
		C5AA26CF2678D24B00F89D25 /* School.swift in Sources */ = {isa = PBXBuildFile; fileRef = C5AA26CE2678D24B00F89D25 /* School.swift */; };
		C5AA26D02678D24B00F89D25 /* School.swift in Sources */ = {isa = PBXBuildFile; fileRef = C5AA26CE2678D24B00F89D25 /* School.swift */; };
		C5AA26D42678D28900F89D25 /* SchoolTests.swift in Sources */ = {isa = PBXBuildFile; fileRef = C5AA26D32678D28900F89D25 /* SchoolTests.swift */; };
		D9C4863CD1CC6AF78BCBF158 /* Pods_SampleApp.framework in Frameworks */ = {isa = PBXBuildFile; fileRef = 37D0FB1DEDC1398A0BBA4BD9 /* Pods_SampleApp.framework */; };
		EF1C0196AE4AA650A4457274 /* Pods_SampleAppTests.framework in Frameworks */ = {isa = PBXBuildFile; fileRef = B2FDBCF28167A533C635C74C /* Pods_SampleAppTests.framework */; };
/* End PBXBuildFile section */

/* Begin PBXContainerItemProxy section */
		C5AA26B12678BB3400F89D25 /* PBXContainerItemProxy */ = {
			isa = PBXContainerItemProxy;
			containerPortal = C5AA26862678B7B300F89D25 /* Project object */;
			proxyType = 1;
			remoteGlobalIDString = C5AA268D2678B7B300F89D25;
			remoteInfo = SampleApp;
		};
/* End PBXContainerItemProxy section */

/* Begin PBXFileReference section */
		126C5AFA01E6A6A9E76A65D0 /* Pods-SampleApp.release.xcconfig */ = {isa = PBXFileReference; includeInIndex = 1; lastKnownFileType = text.xcconfig; name = "Pods-SampleApp.release.xcconfig"; path = "Target Support Files/Pods-SampleApp/Pods-SampleApp.release.xcconfig"; sourceTree = "<group>"; };
		2E9CCFD43CF2DA2582FF6CDD /* Pods-SampleAppTests.release.xcconfig */ = {isa = PBXFileReference; includeInIndex = 1; lastKnownFileType = text.xcconfig; name = "Pods-SampleAppTests.release.xcconfig"; path = "Target Support Files/Pods-SampleAppTests/Pods-SampleAppTests.release.xcconfig"; sourceTree = "<group>"; };
		37D0FB1DEDC1398A0BBA4BD9 /* Pods_SampleApp.framework */ = {isa = PBXFileReference; explicitFileType = wrapper.framework; includeInIndex = 0; path = Pods_SampleApp.framework; sourceTree = BUILT_PRODUCTS_DIR; };
		50327C613B513663000DF4CD /* Pods-SampleApp.debug.xcconfig */ = {isa = PBXFileReference; includeInIndex = 1; lastKnownFileType = text.xcconfig; name = "Pods-SampleApp.debug.xcconfig"; path = "Target Support Files/Pods-SampleApp/Pods-SampleApp.debug.xcconfig"; sourceTree = "<group>"; };
		923F0BD13CC446D6132FFD21 /* Pods-SampleAppTests.debug.xcconfig */ = {isa = PBXFileReference; includeInIndex = 1; lastKnownFileType = text.xcconfig; name = "Pods-SampleAppTests.debug.xcconfig"; path = "Target Support Files/Pods-SampleAppTests/Pods-SampleAppTests.debug.xcconfig"; sourceTree = "<group>"; };
		B2FDBCF28167A533C635C74C /* Pods_SampleAppTests.framework */ = {isa = PBXFileReference; explicitFileType = wrapper.framework; includeInIndex = 0; path = Pods_SampleAppTests.framework; sourceTree = BUILT_PRODUCTS_DIR; };
		C5AA268E2678B7B300F89D25 /* SampleApp.app */ = {isa = PBXFileReference; explicitFileType = wrapper.application; includeInIndex = 0; path = SampleApp.app; sourceTree = BUILT_PRODUCTS_DIR; };
		C5AA26912678B7B300F89D25 /* AppDelegate.swift */ = {isa = PBXFileReference; lastKnownFileType = sourcecode.swift; path = AppDelegate.swift; sourceTree = "<group>"; };
		C5AA26932678B7B300F89D25 /* SceneDelegate.swift */ = {isa = PBXFileReference; lastKnownFileType = sourcecode.swift; path = SceneDelegate.swift; sourceTree = "<group>"; };
		C5AA26952678B7B300F89D25 /* ViewController.swift */ = {isa = PBXFileReference; lastKnownFileType = sourcecode.swift; path = ViewController.swift; sourceTree = "<group>"; };
		C5AA26982678B7B300F89D25 /* Base */ = {isa = PBXFileReference; lastKnownFileType = file.storyboard; name = Base; path = Base.lproj/Main.storyboard; sourceTree = "<group>"; };
		C5AA269A2678B7B400F89D25 /* Assets.xcassets */ = {isa = PBXFileReference; lastKnownFileType = folder.assetcatalog; path = Assets.xcassets; sourceTree = "<group>"; };
		C5AA269D2678B7B400F89D25 /* Base */ = {isa = PBXFileReference; lastKnownFileType = file.storyboard; name = Base; path = Base.lproj/LaunchScreen.storyboard; sourceTree = "<group>"; };
		C5AA269F2678B7B400F89D25 /* Info.plist */ = {isa = PBXFileReference; lastKnownFileType = text.plist.xml; path = Info.plist; sourceTree = "<group>"; };
		C5AA26AC2678BB3400F89D25 /* SampleAppTests.xctest */ = {isa = PBXFileReference; explicitFileType = wrapper.cfbundle; includeInIndex = 0; path = SampleAppTests.xctest; sourceTree = BUILT_PRODUCTS_DIR; };
		C5AA26AE2678BB3400F89D25 /* SampleAppTests.swift */ = {isa = PBXFileReference; lastKnownFileType = sourcecode.swift; path = SampleAppTests.swift; sourceTree = "<group>"; };
		C5AA26B02678BB3400F89D25 /* Info.plist */ = {isa = PBXFileReference; lastKnownFileType = text.plist.xml; path = Info.plist; sourceTree = "<group>"; };
		C5AA26BF2678CAC400F89D25 /* Student.swift */ = {isa = PBXFileReference; lastKnownFileType = sourcecode.swift; path = Student.swift; sourceTree = "<group>"; };
		C5AA26C62678CD5600F89D25 /* StudentTests.swift */ = {isa = PBXFileReference; lastKnownFileType = sourcecode.swift; path = StudentTests.swift; sourceTree = "<group>"; };
		C5AA26CE2678D24B00F89D25 /* School.swift */ = {isa = PBXFileReference; lastKnownFileType = sourcecode.swift; path = School.swift; sourceTree = "<group>"; };
		C5AA26D32678D28900F89D25 /* SchoolTests.swift */ = {isa = PBXFileReference; lastKnownFileType = sourcecode.swift; path = SchoolTests.swift; sourceTree = "<group>"; };
/* End PBXFileReference section */

/* Begin PBXFrameworksBuildPhase section */
		C5AA268B2678B7B300F89D25 /* Frameworks */ = {
			isa = PBXFrameworksBuildPhase;
			buildActionMask = 2147483647;
			files = (
				D9C4863CD1CC6AF78BCBF158 /* Pods_SampleApp.framework in Frameworks */,
			);
			runOnlyForDeploymentPostprocessing = 0;
		};
		C5AA26A92678BB3400F89D25 /* Frameworks */ = {
			isa = PBXFrameworksBuildPhase;
			buildActionMask = 2147483647;
			files = (
				EF1C0196AE4AA650A4457274 /* Pods_SampleAppTests.framework in Frameworks */,
			);
			runOnlyForDeploymentPostprocessing = 0;
		};
/* End PBXFrameworksBuildPhase section */

/* Begin PBXGroup section */
		85710F37D38733F7C22D1FE2 /* Frameworks */ = {
			isa = PBXGroup;
			children = (
				37D0FB1DEDC1398A0BBA4BD9 /* Pods_SampleApp.framework */,
				B2FDBCF28167A533C635C74C /* Pods_SampleAppTests.framework */,
			);
			name = Frameworks;
			sourceTree = "<group>";
		};
		C5AA26852678B7B300F89D25 = {
			isa = PBXGroup;
			children = (
				C5AA26902678B7B300F89D25 /* SampleApp */,
				C5AA26AD2678BB3400F89D25 /* SampleAppTests */,
				C5AA268F2678B7B300F89D25 /* Products */,
				E838479041F42887E6E4A1DD /* Pods */,
				85710F37D38733F7C22D1FE2 /* Frameworks */,
			);
			sourceTree = "<group>";
		};
		C5AA268F2678B7B300F89D25 /* Products */ = {
			isa = PBXGroup;
			children = (
				C5AA268E2678B7B300F89D25 /* SampleApp.app */,
				C5AA26AC2678BB3400F89D25 /* SampleAppTests.xctest */,
			);
			name = Products;
			sourceTree = "<group>";
		};
		C5AA26902678B7B300F89D25 /* SampleApp */ = {
			isa = PBXGroup;
			children = (
				C5AA26912678B7B300F89D25 /* AppDelegate.swift */,
				C5AA26932678B7B300F89D25 /* SceneDelegate.swift */,
				C5AA26952678B7B300F89D25 /* ViewController.swift */,
				C5AA26972678B7B300F89D25 /* Main.storyboard */,
				C5AA269C2678B7B400F89D25 /* LaunchScreen.storyboard */,
				C5AA269A2678B7B400F89D25 /* Assets.xcassets */,
				C5AA26BE2678CAB100F89D25 /* Models */,
				C5AA269F2678B7B400F89D25 /* Info.plist */,
			);
			path = SampleApp;
			sourceTree = "<group>";
		};
		C5AA26AD2678BB3400F89D25 /* SampleAppTests */ = {
			isa = PBXGroup;
			children = (
				C5AA26AE2678BB3400F89D25 /* SampleAppTests.swift */,
				C5AA26C62678CD5600F89D25 /* StudentTests.swift */,
				C5AA26D32678D28900F89D25 /* SchoolTests.swift */,
				C5AA26B02678BB3400F89D25 /* Info.plist */,
			);
			path = SampleAppTests;
			sourceTree = "<group>";
		};
		C5AA26BE2678CAB100F89D25 /* Models */ = {
			isa = PBXGroup;
			children = (
				C5AA26BF2678CAC400F89D25 /* Student.swift */,
				C5AA26CE2678D24B00F89D25 /* School.swift */,
			);
			path = Models;
			sourceTree = "<group>";
		};
		E838479041F42887E6E4A1DD /* Pods */ = {
			isa = PBXGroup;
			children = (
				50327C613B513663000DF4CD /* Pods-SampleApp.debug.xcconfig */,
				126C5AFA01E6A6A9E76A65D0 /* Pods-SampleApp.release.xcconfig */,
				923F0BD13CC446D6132FFD21 /* Pods-SampleAppTests.debug.xcconfig */,
				2E9CCFD43CF2DA2582FF6CDD /* Pods-SampleAppTests.release.xcconfig */,
			);
			path = Pods;
			sourceTree = "<group>";
		};
/* End PBXGroup section */

/* Begin PBXNativeTarget section */
		C5AA268D2678B7B300F89D25 /* SampleApp */ = {
			isa = PBXNativeTarget;
			buildConfigurationList = C5AA26A22678B7B400F89D25 /* Build configuration list for PBXNativeTarget "SampleApp" */;
			buildPhases = (
				710198DD20D0B56F057275C5 /* [CP] Check Pods Manifest.lock */,
				C5AA268A2678B7B300F89D25 /* Sources */,
				C5AA268B2678B7B300F89D25 /* Frameworks */,
				C5AA268C2678B7B300F89D25 /* Resources */,
				26239C22A1DC125DB7047C99 /* [CP] Embed Pods Frameworks */,
			);
			buildRules = (
			);
			dependencies = (
			);
			name = SampleApp;
			productName = SampleApp;
			productReference = C5AA268E2678B7B300F89D25 /* SampleApp.app */;
			productType = "com.apple.product-type.application";
		};
		C5AA26AB2678BB3400F89D25 /* SampleAppTests */ = {
			isa = PBXNativeTarget;
			buildConfigurationList = C5AA26B32678BB3400F89D25 /* Build configuration list for PBXNativeTarget "SampleAppTests" */;
			buildPhases = (
				8377DFAF2C5020CF069725CA /* [CP] Check Pods Manifest.lock */,
				C5AA26A82678BB3400F89D25 /* Sources */,
				C5AA26A92678BB3400F89D25 /* Frameworks */,
				C5AA26AA2678BB3400F89D25 /* Resources */,
			);
			buildRules = (
			);
			dependencies = (
				C5AA26B22678BB3400F89D25 /* PBXTargetDependency */,
			);
			name = SampleAppTests;
			productName = SampleAppTests;
			productReference = C5AA26AC2678BB3400F89D25 /* SampleAppTests.xctest */;
			productType = "com.apple.product-type.bundle.unit-test";
		};
/* End PBXNativeTarget section */

/* Begin PBXProject section */
		C5AA26862678B7B300F89D25 /* Project object */ = {
			isa = PBXProject;
			attributes = {
				LastSwiftUpdateCheck = 1240;
				LastUpgradeCheck = 1240;
				TargetAttributes = {
					C5AA268D2678B7B300F89D25 = {
						CreatedOnToolsVersion = 12.4;
					};
					C5AA26AB2678BB3400F89D25 = {
						CreatedOnToolsVersion = 12.4;
						TestTargetID = C5AA268D2678B7B300F89D25;
					};
				};
			};
			buildConfigurationList = C5AA26892678B7B300F89D25 /* Build configuration list for PBXProject "SampleApp" */;
			compatibilityVersion = "Xcode 9.3";
			developmentRegion = en;
			hasScannedForEncodings = 0;
			knownRegions = (
				en,
				Base,
			);
			mainGroup = C5AA26852678B7B300F89D25;
			productRefGroup = C5AA268F2678B7B300F89D25 /* Products */;
			projectDirPath = "";
			projectRoot = "";
			targets = (
				C5AA268D2678B7B300F89D25 /* SampleApp */,
				C5AA26AB2678BB3400F89D25 /* SampleAppTests */,
			);
		};
/* End PBXProject section */

/* Begin PBXResourcesBuildPhase section */
		C5AA268C2678B7B300F89D25 /* Resources */ = {
			isa = PBXResourcesBuildPhase;
			buildActionMask = 2147483647;
			files = (
				C5AA269E2678B7B400F89D25 /* LaunchScreen.storyboard in Resources */,
				C5AA269B2678B7B400F89D25 /* Assets.xcassets in Resources */,
				C5AA26992678B7B300F89D25 /* Main.storyboard in Resources */,
			);
			runOnlyForDeploymentPostprocessing = 0;
		};
		C5AA26AA2678BB3400F89D25 /* Resources */ = {
			isa = PBXResourcesBuildPhase;
			buildActionMask = 2147483647;
			files = (
			);
			runOnlyForDeploymentPostprocessing = 0;
		};
/* End PBXResourcesBuildPhase section */

/* Begin PBXShellScriptBuildPhase section */
		26239C22A1DC125DB7047C99 /* [CP] Embed Pods Frameworks */ = {
			isa = PBXShellScriptBuildPhase;
			buildActionMask = 2147483647;
			files = (
			);
			inputFileListPaths = (
				"${PODS_ROOT}/Target Support Files/Pods-SampleApp/Pods-SampleApp-frameworks-${CONFIGURATION}-input-files.xcfilelist",
			);
			name = "[CP] Embed Pods Frameworks";
			outputFileListPaths = (
				"${PODS_ROOT}/Target Support Files/Pods-SampleApp/Pods-SampleApp-frameworks-${CONFIGURATION}-output-files.xcfilelist",
			);
			runOnlyForDeploymentPostprocessing = 0;
			shellPath = /bin/sh;
			shellScript = "\"${PODS_ROOT}/Target Support Files/Pods-SampleApp/Pods-SampleApp-frameworks.sh\"\n";
			showEnvVarsInLog = 0;
		};
		710198DD20D0B56F057275C5 /* [CP] Check Pods Manifest.lock */ = {
			isa = PBXShellScriptBuildPhase;
			buildActionMask = 2147483647;
			files = (
			);
			inputFileListPaths = (
			);
			inputPaths = (
				"${PODS_PODFILE_DIR_PATH}/Podfile.lock",
				"${PODS_ROOT}/Manifest.lock",
			);
			name = "[CP] Check Pods Manifest.lock";
			outputFileListPaths = (
			);
			outputPaths = (
				"$(DERIVED_FILE_DIR)/Pods-SampleApp-checkManifestLockResult.txt",
			);
			runOnlyForDeploymentPostprocessing = 0;
			shellPath = /bin/sh;
			shellScript = "diff \"${PODS_PODFILE_DIR_PATH}/Podfile.lock\" \"${PODS_ROOT}/Manifest.lock\" > /dev/null\nif [ $? != 0 ] ; then\n    # print error to STDERR\n    echo \"error: The sandbox is not in sync with the Podfile.lock. Run 'pod install' or update your CocoaPods installation.\" >&2\n    exit 1\nfi\n# This output is used by Xcode 'outputs' to avoid re-running this script phase.\necho \"SUCCESS\" > \"${SCRIPT_OUTPUT_FILE_0}\"\n";
			showEnvVarsInLog = 0;
		};
		8377DFAF2C5020CF069725CA /* [CP] Check Pods Manifest.lock */ = {
			isa = PBXShellScriptBuildPhase;
			buildActionMask = 2147483647;
			files = (
			);
			inputFileListPaths = (
			);
			inputPaths = (
				"${PODS_PODFILE_DIR_PATH}/Podfile.lock",
				"${PODS_ROOT}/Manifest.lock",
			);
			name = "[CP] Check Pods Manifest.lock";
			outputFileListPaths = (
			);
			outputPaths = (
				"$(DERIVED_FILE_DIR)/Pods-SampleAppTests-checkManifestLockResult.txt",
			);
			runOnlyForDeploymentPostprocessing = 0;
			shellPath = /bin/sh;
			shellScript = "diff \"${PODS_PODFILE_DIR_PATH}/Podfile.lock\" \"${PODS_ROOT}/Manifest.lock\" > /dev/null\nif [ $? != 0 ] ; then\n    # print error to STDERR\n    echo \"error: The sandbox is not in sync with the Podfile.lock. Run 'pod install' or update your CocoaPods installation.\" >&2\n    exit 1\nfi\n# This output is used by Xcode 'outputs' to avoid re-running this script phase.\necho \"SUCCESS\" > \"${SCRIPT_OUTPUT_FILE_0}\"\n";
			showEnvVarsInLog = 0;
		};
/* End PBXShellScriptBuildPhase section */

/* Begin PBXSourcesBuildPhase section */
		C5AA268A2678B7B300F89D25 /* Sources */ = {
			isa = PBXSourcesBuildPhase;
			buildActionMask = 2147483647;
			files = (
				C5AA26962678B7B300F89D25 /* ViewController.swift in Sources */,
				C5AA26922678B7B300F89D25 /* AppDelegate.swift in Sources */,
				C5AA26942678B7B300F89D25 /* SceneDelegate.swift in Sources */,
				C5AA26CF2678D24B00F89D25 /* School.swift in Sources */,
				C5AA26C02678CAC400F89D25 /* Student.swift in Sources */,
			);
			runOnlyForDeploymentPostprocessing = 0;
		};
		C5AA26A82678BB3400F89D25 /* Sources */ = {
			isa = PBXSourcesBuildPhase;
			buildActionMask = 2147483647;
			files = (
				C5AA26AF2678BB3400F89D25 /* SampleAppTests.swift in Sources */,
				C5AA26C72678CD5600F89D25 /* StudentTests.swift in Sources */,
				C5AA26C12678CAC400F89D25 /* Student.swift in Sources */,
				C5AA26D42678D28900F89D25 /* SchoolTests.swift in Sources */,
				C5AA26D02678D24B00F89D25 /* School.swift in Sources */,
			);
			runOnlyForDeploymentPostprocessing = 0;
		};
/* End PBXSourcesBuildPhase section */

/* Begin PBXTargetDependency section */
		C5AA26B22678BB3400F89D25 /* PBXTargetDependency */ = {
			isa = PBXTargetDependency;
			target = C5AA268D2678B7B300F89D25 /* SampleApp */;
			targetProxy = C5AA26B12678BB3400F89D25 /* PBXContainerItemProxy */;
		};
/* End PBXTargetDependency section */

/* Begin PBXVariantGroup section */
		C5AA26972678B7B300F89D25 /* Main.storyboard */ = {
			isa = PBXVariantGroup;
			children = (
				C5AA26982678B7B300F89D25 /* Base */,
			);
			name = Main.storyboard;
			sourceTree = "<group>";
		};
		C5AA269C2678B7B400F89D25 /* LaunchScreen.storyboard */ = {
			isa = PBXVariantGroup;
			children = (
				C5AA269D2678B7B400F89D25 /* Base */,
			);
			name = LaunchScreen.storyboard;
			sourceTree = "<group>";
		};
/* End PBXVariantGroup section */

/* Begin XCBuildConfiguration section */
		C5AA26A02678B7B400F89D25 /* Debug */ = {
			isa = XCBuildConfiguration;
			buildSettings = {
				ALWAYS_SEARCH_USER_PATHS = NO;
				CLANG_ANALYZER_NONNULL = YES;
				CLANG_ANALYZER_NUMBER_OBJECT_CONVERSION = YES_AGGRESSIVE;
				CLANG_CXX_LANGUAGE_STANDARD = "gnu++14";
				CLANG_CXX_LIBRARY = "libc++";
				CLANG_ENABLE_MODULES = YES;
				CLANG_ENABLE_OBJC_ARC = YES;
				CLANG_ENABLE_OBJC_WEAK = YES;
				CLANG_WARN_BLOCK_CAPTURE_AUTORELEASING = YES;
				CLANG_WARN_BOOL_CONVERSION = YES;
				CLANG_WARN_COMMA = YES;
				CLANG_WARN_CONSTANT_CONVERSION = YES;
				CLANG_WARN_DEPRECATED_OBJC_IMPLEMENTATIONS = YES;
				CLANG_WARN_DIRECT_OBJC_ISA_USAGE = YES_ERROR;
				CLANG_WARN_DOCUMENTATION_COMMENTS = YES;
				CLANG_WARN_EMPTY_BODY = YES;
				CLANG_WARN_ENUM_CONVERSION = YES;
				CLANG_WARN_INFINITE_RECURSION = YES;
				CLANG_WARN_INT_CONVERSION = YES;
				CLANG_WARN_NON_LITERAL_NULL_CONVERSION = YES;
				CLANG_WARN_OBJC_IMPLICIT_RETAIN_SELF = YES;
				CLANG_WARN_OBJC_LITERAL_CONVERSION = YES;
				CLANG_WARN_OBJC_ROOT_CLASS = YES_ERROR;
				CLANG_WARN_QUOTED_INCLUDE_IN_FRAMEWORK_HEADER = YES;
				CLANG_WARN_RANGE_LOOP_ANALYSIS = YES;
				CLANG_WARN_STRICT_PROTOTYPES = YES;
				CLANG_WARN_SUSPICIOUS_MOVE = YES;
				CLANG_WARN_UNGUARDED_AVAILABILITY = YES_AGGRESSIVE;
				CLANG_WARN_UNREACHABLE_CODE = YES;
				CLANG_WARN__DUPLICATE_METHOD_MATCH = YES;
				COPY_PHASE_STRIP = NO;
				DEBUG_INFORMATION_FORMAT = dwarf;
				ENABLE_STRICT_OBJC_MSGSEND = YES;
				ENABLE_TESTABILITY = YES;
				GCC_C_LANGUAGE_STANDARD = gnu11;
				GCC_DYNAMIC_NO_PIC = NO;
				GCC_NO_COMMON_BLOCKS = YES;
				GCC_OPTIMIZATION_LEVEL = 0;
				GCC_PREPROCESSOR_DEFINITIONS = (
					"DEBUG=1",
					"$(inherited)",
				);
				GCC_WARN_64_TO_32_BIT_CONVERSION = YES;
				GCC_WARN_ABOUT_RETURN_TYPE = YES_ERROR;
				GCC_WARN_UNDECLARED_SELECTOR = YES;
				GCC_WARN_UNINITIALIZED_AUTOS = YES_AGGRESSIVE;
				GCC_WARN_UNUSED_FUNCTION = YES;
				GCC_WARN_UNUSED_VARIABLE = YES;
				IPHONEOS_DEPLOYMENT_TARGET = 13.0;
				MTL_ENABLE_DEBUG_INFO = INCLUDE_SOURCE;
				MTL_FAST_MATH = YES;
				ONLY_ACTIVE_ARCH = YES;
				SDKROOT = iphoneos;
				SWIFT_ACTIVE_COMPILATION_CONDITIONS = DEBUG;
				SWIFT_OPTIMIZATION_LEVEL = "-Onone";
			};
			name = Debug;
		};
		C5AA26A12678B7B400F89D25 /* Release */ = {
			isa = XCBuildConfiguration;
			buildSettings = {
				ALWAYS_SEARCH_USER_PATHS = NO;
				CLANG_ANALYZER_NONNULL = YES;
				CLANG_ANALYZER_NUMBER_OBJECT_CONVERSION = YES_AGGRESSIVE;
				CLANG_CXX_LANGUAGE_STANDARD = "gnu++14";
				CLANG_CXX_LIBRARY = "libc++";
				CLANG_ENABLE_MODULES = YES;
				CLANG_ENABLE_OBJC_ARC = YES;
				CLANG_ENABLE_OBJC_WEAK = YES;
				CLANG_WARN_BLOCK_CAPTURE_AUTORELEASING = YES;
				CLANG_WARN_BOOL_CONVERSION = YES;
				CLANG_WARN_COMMA = YES;
				CLANG_WARN_CONSTANT_CONVERSION = YES;
				CLANG_WARN_DEPRECATED_OBJC_IMPLEMENTATIONS = YES;
				CLANG_WARN_DIRECT_OBJC_ISA_USAGE = YES_ERROR;
				CLANG_WARN_DOCUMENTATION_COMMENTS = YES;
				CLANG_WARN_EMPTY_BODY = YES;
				CLANG_WARN_ENUM_CONVERSION = YES;
				CLANG_WARN_INFINITE_RECURSION = YES;
				CLANG_WARN_INT_CONVERSION = YES;
				CLANG_WARN_NON_LITERAL_NULL_CONVERSION = YES;
				CLANG_WARN_OBJC_IMPLICIT_RETAIN_SELF = YES;
				CLANG_WARN_OBJC_LITERAL_CONVERSION = YES;
				CLANG_WARN_OBJC_ROOT_CLASS = YES_ERROR;
				CLANG_WARN_QUOTED_INCLUDE_IN_FRAMEWORK_HEADER = YES;
				CLANG_WARN_RANGE_LOOP_ANALYSIS = YES;
				CLANG_WARN_STRICT_PROTOTYPES = YES;
				CLANG_WARN_SUSPICIOUS_MOVE = YES;
				CLANG_WARN_UNGUARDED_AVAILABILITY = YES_AGGRESSIVE;
				CLANG_WARN_UNREACHABLE_CODE = YES;
				CLANG_WARN__DUPLICATE_METHOD_MATCH = YES;
				COPY_PHASE_STRIP = NO;
				DEBUG_INFORMATION_FORMAT = "dwarf-with-dsym";
				ENABLE_NS_ASSERTIONS = NO;
				ENABLE_STRICT_OBJC_MSGSEND = YES;
				GCC_C_LANGUAGE_STANDARD = gnu11;
				GCC_NO_COMMON_BLOCKS = YES;
				GCC_WARN_64_TO_32_BIT_CONVERSION = YES;
				GCC_WARN_ABOUT_RETURN_TYPE = YES_ERROR;
				GCC_WARN_UNDECLARED_SELECTOR = YES;
				GCC_WARN_UNINITIALIZED_AUTOS = YES_AGGRESSIVE;
				GCC_WARN_UNUSED_FUNCTION = YES;
				GCC_WARN_UNUSED_VARIABLE = YES;
				IPHONEOS_DEPLOYMENT_TARGET = 13.0;
				MTL_ENABLE_DEBUG_INFO = NO;
				MTL_FAST_MATH = YES;
				SDKROOT = iphoneos;
				SWIFT_COMPILATION_MODE = wholemodule;
				SWIFT_OPTIMIZATION_LEVEL = "-O";
				VALIDATE_PRODUCT = YES;
			};
			name = Release;
		};
		C5AA26A32678B7B400F89D25 /* Debug */ = {
			isa = XCBuildConfiguration;
			baseConfigurationReference = 50327C613B513663000DF4CD /* Pods-SampleApp.debug.xcconfig */;
			buildSettings = {
				ASSETCATALOG_COMPILER_APPICON_NAME = AppIcon;
				ASSETCATALOG_COMPILER_GLOBAL_ACCENT_COLOR_NAME = AccentColor;
				CODE_SIGN_STYLE = Automatic;
				DEVELOPMENT_TEAM = 7L47FJM38D;
				INFOPLIST_FILE = SampleApp/Info.plist;
				LD_RUNPATH_SEARCH_PATHS = (
					"$(inherited)",
					"@executable_path/Frameworks",
				);
				PRODUCT_BUNDLE_IDENTIFIER = com.demir.SampleApp;
				PRODUCT_NAME = "$(TARGET_NAME)";
				SWIFT_VERSION = 5.0;
				TARGETED_DEVICE_FAMILY = "1,2";
			};
			name = Debug;
		};
		C5AA26A42678B7B400F89D25 /* Release */ = {
			isa = XCBuildConfiguration;
			baseConfigurationReference = 126C5AFA01E6A6A9E76A65D0 /* Pods-SampleApp.release.xcconfig */;
			buildSettings = {
				ASSETCATALOG_COMPILER_APPICON_NAME = AppIcon;
				ASSETCATALOG_COMPILER_GLOBAL_ACCENT_COLOR_NAME = AccentColor;
				CODE_SIGN_STYLE = Automatic;
				DEVELOPMENT_TEAM = 7L47FJM38D;
				INFOPLIST_FILE = SampleApp/Info.plist;
				LD_RUNPATH_SEARCH_PATHS = (
					"$(inherited)",
					"@executable_path/Frameworks",
				);
				PRODUCT_BUNDLE_IDENTIFIER = com.demir.SampleApp;
				PRODUCT_NAME = "$(TARGET_NAME)";
				SWIFT_VERSION = 5.0;
				TARGETED_DEVICE_FAMILY = "1,2";
			};
			name = Release;
		};
		C5AA26B42678BB3400F89D25 /* Debug */ = {
			isa = XCBuildConfiguration;
			baseConfigurationReference = 923F0BD13CC446D6132FFD21 /* Pods-SampleAppTests.debug.xcconfig */;
			buildSettings = {
				BUNDLE_LOADER = "$(TEST_HOST)";
				CODE_SIGN_STYLE = Automatic;
				DEVELOPMENT_TEAM = 7L47FJM38D;
				INFOPLIST_FILE = SampleAppTests/Info.plist;
				IPHONEOS_DEPLOYMENT_TARGET = 13.0;
				LD_RUNPATH_SEARCH_PATHS = (
					"$(inherited)",
					"@executable_path/Frameworks",
					"@loader_path/Frameworks",
				);
				PRODUCT_BUNDLE_IDENTIFIER = com.demir.SampleAppTests;
				PRODUCT_NAME = "$(TARGET_NAME)";
				SWIFT_VERSION = 5.0;
				TARGETED_DEVICE_FAMILY = "1,2";
				TEST_HOST = "$(BUILT_PRODUCTS_DIR)/SampleApp.app/SampleApp";
			};
			name = Debug;
		};
		C5AA26B52678BB3400F89D25 /* Release */ = {
			isa = XCBuildConfiguration;
			baseConfigurationReference = 2E9CCFD43CF2DA2582FF6CDD /* Pods-SampleAppTests.release.xcconfig */;
			buildSettings = {
				BUNDLE_LOADER = "$(TEST_HOST)";
				CODE_SIGN_STYLE = Automatic;
				DEVELOPMENT_TEAM = 7L47FJM38D;
				INFOPLIST_FILE = SampleAppTests/Info.plist;
				IPHONEOS_DEPLOYMENT_TARGET = 13.0;
				LD_RUNPATH_SEARCH_PATHS = (
					"$(inherited)",
					"@executable_path/Frameworks",
					"@loader_path/Frameworks",
				);
				PRODUCT_BUNDLE_IDENTIFIER = com.demir.SampleAppTests;
				PRODUCT_NAME = "$(TARGET_NAME)";
				SWIFT_VERSION = 5.0;
				TARGETED_DEVICE_FAMILY = "1,2";
				TEST_HOST = "$(BUILT_PRODUCTS_DIR)/SampleApp.app/SampleApp";
			};
			name = Release;
		};
/* End XCBuildConfiguration section */

/* Begin XCConfigurationList section */
		C5AA26892678B7B300F89D25 /* Build configuration list for PBXProject "SampleApp" */ = {
			isa = XCConfigurationList;
			buildConfigurations = (
				C5AA26A02678B7B400F89D25 /* Debug */,
				C5AA26A12678B7B400F89D25 /* Release */,
			);
			defaultConfigurationIsVisible = 0;
			defaultConfigurationName = Release;
		};
		C5AA26A22678B7B400F89D25 /* Build configuration list for PBXNativeTarget "SampleApp" */ = {
			isa = XCConfigurationList;
			buildConfigurations = (
				C5AA26A32678B7B400F89D25 /* Debug */,
				C5AA26A42678B7B400F89D25 /* Release */,
			);
			defaultConfigurationIsVisible = 0;
			defaultConfigurationName = Release;
		};
		C5AA26B32678BB3400F89D25 /* Build configuration list for PBXNativeTarget "SampleAppTests" */ = {
			isa = XCConfigurationList;
			buildConfigurations = (
				C5AA26B42678BB3400F89D25 /* Debug */,
				C5AA26B52678BB3400F89D25 /* Release */,
			);
			defaultConfigurationIsVisible = 0;
			defaultConfigurationName = Release;
		};
/* End XCConfigurationList section */
	};
	rootObject = C5AA26862678B7B300F89D25 /* Project object */;
}
